
Microsoft Visual Studio Solution File, Format Version 12.00
# Visual Studio Version 16
VisualStudioVersion = 16.0.29409.12
MinimumVisualStudioVersion = 10.0.40219.1
Project("{FAE04EC0-301F-11D3-BF4B-00C04F79EFBC}") = "AuthDemoXForms.Android", "AuthDemoXForms\AuthDemoXForms.Android\AuthDemoXForms.Android.csproj", "{A6D5F201-88A1-4FE1-8B6F-DB708B7D443A}"
EndProject
Project("{FAE04EC0-301F-11D3-BF4B-00C04F79EFBC}") = "AuthDemoXForms.iOS", "AuthDemoXForms\AuthDemoXForms.iOS\AuthDemoXForms.iOS.csproj", "{4FA4B29E-8F5C-4410-9BA1-905CD046ACBF}"
EndProject
Project("{FAE04EC0-301F-11D3-BF4B-00C04F79EFBC}") = "AuthDemoXForms", "AuthDemoXForms\AuthDemoXForms\AuthDemoXForms.csproj", "{D6395EBC-2753-4500-B151-5F8BE809DA59}"
EndProject
Global
	GlobalSection(SolutionConfigurationPlatforms) = preSolution
		Debug|Any CPU = Debug|Any CPU
		Debug|iPhone = Debug|iPhone
		Debug|iPhoneSimulator = Debug|iPhoneSimulator
		Release|Any CPU = Release|Any CPU
		Release|iPhone = Release|iPhone
		Release|iPhoneSimulator = Release|iPhoneSimulator
	EndGlobalSection
	GlobalSection(ProjectConfigurationPlatforms) = postSolution
		{A6D5F201-88A1-4FE1-8B6F-DB708B7D443A}.Debug|Any CPU.ActiveCfg = Debug|Any CPU
		{A6D5F201-88A1-4FE1-8B6F-DB708B7D443A}.Debug|Any CPU.Build.0 = Debug|Any CPU
		{A6D5F201-88A1-4FE1-8B6F-DB708B7D443A}.Debug|Any CPU.Deploy.0 = Debug|Any CPU
		{A6D5F201-88A1-4FE1-8B6F-DB708B7D443A}.Debug|iPhone.ActiveCfg = Debug|Any CPU
		{A6D5F201-88A1-4FE1-8B6F-DB708B7D443A}.Debug|iPhone.Build.0 = Debug|Any CPU
		{A6D5F201-88A1-4FE1-8B6F-DB708B7D443A}.Debug|iPhone.Deploy.0 = Debug|Any CPU
		{A6D5F201-88A1-4FE1-8B6F-DB708B7D443A}.Debug|iPhoneSimulator.ActiveCfg = Debug|Any CPU
		{A6D5F201-88A1-4FE1-8B6F-DB708B7D443A}.Debug|iPhoneSimulator.Build.0 = Debug|Any CPU
		{A6D5F201-88A1-4FE1-8B6F-DB708B7D443A}.Debug|iPhoneSimulator.Deploy.0 = Debug|Any CPU
		{A6D5F201-88A1-4FE1-8B6F-DB708B7D443A}.Release|Any CPU.ActiveCfg = Release|Any CPU
		{A6D5F201-88A1-4FE1-8B6F-DB708B7D443A}.Release|Any CPU.Build.0 = Release|Any CPU
		{A6D5F201-88A1-4FE1-8B6F-DB708B7D443A}.Release|Any CPU.Deploy.0 = Release|Any CPU
		{A6D5F201-88A1-4FE1-8B6F-DB708B7D443A}.Release|iPhone.ActiveCfg = Release|Any CPU
		{A6D5F201-88A1-4FE1-8B6F-DB708B7D443A}.Release|iPhone.Build.0 = Release|Any CPU
		{A6D5F201-88A1-4FE1-8B6F-DB708B7D443A}.Release|iPhone.Deploy.0 = Release|Any CPU
		{A6D5F201-88A1-4FE1-8B6F-DB708B7D443A}.Release|iPhoneSimulator.ActiveCfg = Release|Any CPU
		{A6D5F201-88A1-4FE1-8B6F-DB708B7D443A}.Release|iPhoneSimulator.Build.0 = Release|Any CPU
		{A6D5F201-88A1-4FE1-8B6F-DB708B7D443A}.Release|iPhoneSimulator.Deploy.0 = Release|Any CPU
		{4FA4B29E-8F5C-4410-9BA1-905CD046ACBF}.Debug|Any CPU.ActiveCfg = Debug|iPhoneSimulator
		{4FA4B29E-8F5C-4410-9BA1-905CD046ACBF}.Debug|Any CPU.Build.0 = Debug|iPhoneSimulator
		{4FA4B29E-8F5C-4410-9BA1-905CD046ACBF}.Debug|Any CPU.Deploy.0 = Debug|iPhoneSimulator
		{4FA4B29E-8F5C-4410-9BA1-905CD046ACBF}.Debug|iPhone.ActiveCfg = Debug|iPhone
		{4FA4B29E-8F5C-4410-9BA1-905CD046ACBF}.Debug|iPhone.Build.0 = Debug|iPhone
		{4FA4B29E-8F5C-4410-9BA1-905CD046ACBF}.Debug|iPhone.Deploy.0 = Debug|iPhone
		{4FA4B29E-8F5C-4410-9BA1-905CD046ACBF}.Debug|iPhoneSimulator.ActiveCfg = Debug|iPhoneSimulator
		{4FA4B29E-8F5C-4410-9BA1-905CD046ACBF}.Debug|iPhoneSimulator.Build.0 = Debug|iPhoneSimulator
		{4FA4B29E-8F5C-4410-9BA1-905CD046ACBF}.Debug|iPhoneSimulator.Deploy.0 = Debug|iPhoneSimulator
		{4FA4B29E-8F5C-4410-9BA1-905CD046ACBF}.Release|Any CPU.ActiveCfg = Release|iPhone
		{4FA4B29E-8F5C-4410-9BA1-905CD046ACBF}.Release|Any CPU.Build.0 = Release|iPhone
		{4FA4B29E-8F5C-4410-9BA1-905CD046ACBF}.Release|Any CPU.Deploy.0 = Release|iPhone
		{4FA4B29E-8F5C-4410-9BA1-905CD046ACBF}.Release|iPhone.ActiveCfg = Release|iPhone
		{4FA4B29E-8F5C-4410-9BA1-905CD046ACBF}.Release|iPhone.Build.0 = Release|iPhone
		{4FA4B29E-8F5C-4410-9BA1-905CD046ACBF}.Release|iPhone.Deploy.0 = Release|iPhone
		{4FA4B29E-8F5C-4410-9BA1-905CD046ACBF}.Release|iPhoneSimulator.ActiveCfg = Release|iPhoneSimulator
		{4FA4B29E-8F5C-4410-9BA1-905CD046ACBF}.Release|iPhoneSimulator.Build.0 = Release|iPhoneSimulator
		{4FA4B29E-8F5C-4410-9BA1-905CD046ACBF}.Release|iPhoneSimulator.Deploy.0 = Release|iPhoneSimulator
		{D6395EBC-2753-4500-B151-5F8BE809DA59}.Debug|Any CPU.ActiveCfg = Debug|Any CPU
		{D6395EBC-2753-4500-B151-5F8BE809DA59}.Debug|Any CPU.Build.0 = Debug|Any CPU
		{D6395EBC-2753-4500-B151-5F8BE809DA59}.Debug|Any CPU.Deploy.0 = Debug|Any CPU
		{D6395EBC-2753-4500-B151-5F8BE809DA59}.Debug|iPhone.ActiveCfg = Debug|Any CPU
		{D6395EBC-2753-4500-B151-5F8BE809DA59}.Debug|iPhone.Build.0 = Debug|Any CPU
		{D6395EBC-2753-4500-B151-5F8BE809DA59}.Debug|iPhone.Deploy.0 = Debug|Any CPU
		{D6395EBC-2753-4500-B151-5F8BE809DA59}.Debug|iPhoneSimulator.ActiveCfg = Debug|Any CPU
		{D6395EBC-2753-4500-B151-5F8BE809DA59}.Debug|iPhoneSimulator.Build.0 = Debug|Any CPU
		{D6395EBC-2753-4500-B151-5F8BE809DA59}.Debug|iPhoneSimulator.Deploy.0 = Debug|Any CPU
		{D6395EBC-2753-4500-B151-5F8BE809DA59}.Release|Any CPU.ActiveCfg = Release|Any CPU
		{D6395EBC-2753-4500-B151-5F8BE809DA59}.Release|Any CPU.Build.0 = Release|Any CPU
		{D6395EBC-2753-4500-B151-5F8BE809DA59}.Release|Any CPU.Deploy.0 = Release|Any CPU
		{D6395EBC-2753-4500-B151-5F8BE809DA59}.Release|iPhone.ActiveCfg = Release|Any CPU
		{D6395EBC-2753-4500-B151-5F8BE809DA59}.Release|iPhone.Build.0 = Release|Any CPU
		{D6395EBC-2753-4500-B151-5F8BE809DA59}.Release|iPhone.Deploy.0 = Release|Any CPU
		{D6395EBC-2753-4500-B151-5F8BE809DA59}.Release|iPhoneSimulator.ActiveCfg = Release|Any CPU
		{D6395EBC-2753-4500-B151-5F8BE809DA59}.Release|iPhoneSimulator.Build.0 = Release|Any CPU
		{D6395EBC-2753-4500-B151-5F8BE809DA59}.Release|iPhoneSimulator.Deploy.0 = Release|Any CPU
	EndGlobalSection
	GlobalSection(SolutionProperties) = preSolution
		HideSolutionNode = FALSE
	EndGlobalSection
	GlobalSection(ExtensibilityGlobals) = postSolution
		SolutionGuid = {326B76B6-180C-4140-8005-D53C19BD2DA7}
	EndGlobalSection
EndGlobal
